<?xml version="1.0" encoding="UTF-8" standalone="yes" ?>
<CodeBlocks_project_file>
   <FileVersion major="1" minor="6" />
   <Project>
      <Option title="Project" />
      <Option makefile_is_custom="1" />
      <Option compiler="gcc" />
      <Option virtualFolders="CMake Files\;" />
      <Build>
      <Target title="all">
         <Option working_dir="/vagrant/src/zmqTests/build-hellozmq-Beagle_Bone-Default" />
         <Option type="4" />
         <MakeCommands>
            <Build command="/usr/bin/make -f &quot;/vagrant/src/zmqTests/build-hellozmq-Beagle_Bone-Default/Makefile&quot;  VERBOSE=1 all" />
            <CompileFile command="/usr/bin/make -f &quot;/vagrant/src/zmqTests/build-hellozmq-Beagle_Bone-Default/Makefile&quot;  VERBOSE=1 &quot;$file&quot;" />
            <Clean command="/usr/bin/make -f &quot;/vagrant/src/zmqTests/build-hellozmq-Beagle_Bone-Default/Makefile&quot;  VERBOSE=1 clean" />
            <DistClean command="/usr/bin/make -f &quot;/vagrant/src/zmqTests/build-hellozmq-Beagle_Bone-Default/Makefile&quot;  VERBOSE=1 clean" />
         </MakeCommands>
      </Target>
      <Target title="edit_cache">
         <Option working_dir="/vagrant/src/zmqTests/build-hellozmq-Beagle_Bone-Default" />
         <Option type="4" />
         <MakeCommands>
            <Build command="/usr/bin/make -f &quot;/vagrant/src/zmqTests/build-hellozmq-Beagle_Bone-Default/Makefile&quot;  VERBOSE=1 edit_cache" />
            <CompileFile command="/usr/bin/make -f &quot;/vagrant/src/zmqTests/build-hellozmq-Beagle_Bone-Default/Makefile&quot;  VERBOSE=1 &quot;$file&quot;" />
            <Clean command="/usr/bin/make -f &quot;/vagrant/src/zmqTests/build-hellozmq-Beagle_Bone-Default/Makefile&quot;  VERBOSE=1 clean" />
            <DistClean command="/usr/bin/make -f &quot;/vagrant/src/zmqTests/build-hellozmq-Beagle_Bone-Default/Makefile&quot;  VERBOSE=1 clean" />
         </MakeCommands>
      </Target>
      <Target title="rebuild_cache">
         <Option working_dir="/vagrant/src/zmqTests/build-hellozmq-Beagle_Bone-Default" />
         <Option type="4" />
         <MakeCommands>
            <Build command="/usr/bin/make -f &quot;/vagrant/src/zmqTests/build-hellozmq-Beagle_Bone-Default/Makefile&quot;  VERBOSE=1 rebuild_cache" />
            <CompileFile command="/usr/bin/make -f &quot;/vagrant/src/zmqTests/build-hellozmq-Beagle_Bone-Default/Makefile&quot;  VERBOSE=1 &quot;$file&quot;" />
            <Clean command="/usr/bin/make -f &quot;/vagrant/src/zmqTests/build-hellozmq-Beagle_Bone-Default/Makefile&quot;  VERBOSE=1 clean" />
            <DistClean command="/usr/bin/make -f &quot;/vagrant/src/zmqTests/build-hellozmq-Beagle_Bone-Default/Makefile&quot;  VERBOSE=1 clean" />
         </MakeCommands>
      </Target>
      <Target title="Project">
         <Option output="/vagrant/src/zmqTests/build-hellozmq-Beagle_Bone-Default/Project" prefix_auto="0" extension_auto="0" />
         <Option working_dir="/vagrant/src/zmqTests/build-hellozmq-Beagle_Bone-Default" />
         <Option object_output="./" />
         <Option type="1" />
         <Option compiler="gcc" />
         <Compiler>
            <Add directory="/usr/include" />
            <Add directory="/usr/lib/gcc-cross/arm-linux-gnueabihf/5/../../../../arm-linux-gnueabihf/include" />
            <Add directory="/usr/lib/gcc-cross/arm-linux-gnueabihf/5/../../../../arm-linux-gnueabihf/include/c++/5" />
            <Add directory="/usr/lib/gcc-cross/arm-linux-gnueabihf/5/../../../../arm-linux-gnueabihf/include/c++/5/arm-linux-gnueabihf" />
            <Add directory="/usr/lib/gcc-cross/arm-linux-gnueabihf/5/../../../../arm-linux-gnueabihf/include/c++/5/backward" />
            <Add directory="/usr/lib/gcc-cross/arm-linux-gnueabihf/5/include" />
            <Add directory="/usr/lib/gcc-cross/arm-linux-gnueabihf/5/include-fixed" />
         </Compiler>
         <MakeCommands>
            <Build command="/usr/bin/make -f &quot;/vagrant/src/zmqTests/build-hellozmq-Beagle_Bone-Default/Makefile&quot;  VERBOSE=1 Project" />
            <CompileFile command="/usr/bin/make -f &quot;/vagrant/src/zmqTests/build-hellozmq-Beagle_Bone-Default/Makefile&quot;  VERBOSE=1 &quot;$file&quot;" />
            <Clean command="/usr/bin/make -f &quot;/vagrant/src/zmqTests/build-hellozmq-Beagle_Bone-Default/Makefile&quot;  VERBOSE=1 clean" />
            <DistClean command="/usr/bin/make -f &quot;/vagrant/src/zmqTests/build-hellozmq-Beagle_Bone-Default/Makefile&quot;  VERBOSE=1 clean" />
         </MakeCommands>
      </Target>
      <Target title="Project/fast">
         <Option output="/vagrant/src/zmqTests/build-hellozmq-Beagle_Bone-Default/Project" prefix_auto="0" extension_auto="0" />
         <Option working_dir="/vagrant/src/zmqTests/build-hellozmq-Beagle_Bone-Default" />
         <Option object_output="./" />
         <Option type="1" />
         <Option compiler="gcc" />
         <Compiler>
            <Add directory="/usr/include" />
            <Add directory="/usr/lib/gcc-cross/arm-linux-gnueabihf/5/../../../../arm-linux-gnueabihf/include" />
            <Add directory="/usr/lib/gcc-cross/arm-linux-gnueabihf/5/../../../../arm-linux-gnueabihf/include/c++/5" />
            <Add directory="/usr/lib/gcc-cross/arm-linux-gnueabihf/5/../../../../arm-linux-gnueabihf/include/c++/5/arm-linux-gnueabihf" />
            <Add directory="/usr/lib/gcc-cross/arm-linux-gnueabihf/5/../../../../arm-linux-gnueabihf/include/c++/5/backward" />
            <Add directory="/usr/lib/gcc-cross/arm-linux-gnueabihf/5/include" />
            <Add directory="/usr/lib/gcc-cross/arm-linux-gnueabihf/5/include-fixed" />
         </Compiler>
         <MakeCommands>
            <Build command="/usr/bin/make -f &quot;/vagrant/src/zmqTests/build-hellozmq-Beagle_Bone-Default/Makefile&quot;  VERBOSE=1 Project/fast" />
            <CompileFile command="/usr/bin/make -f &quot;/vagrant/src/zmqTests/build-hellozmq-Beagle_Bone-Default/Makefile&quot;  VERBOSE=1 &quot;$file&quot;" />
            <Clean command="/usr/bin/make -f &quot;/vagrant/src/zmqTests/build-hellozmq-Beagle_Bone-Default/Makefile&quot;  VERBOSE=1 clean" />
            <DistClean command="/usr/bin/make -f &quot;/vagrant/src/zmqTests/build-hellozmq-Beagle_Bone-Default/Makefile&quot;  VERBOSE=1 clean" />
         </MakeCommands>
      </Target>
      </Build>
      <Unit filename="/vagrant/src/zmqTests/hellozmq/main.cpp">
         <Option target="Project"/>
      </Unit>
      <Unit filename="/vagrant/src/zmqTests/hellozmq/CMakeLists.txt">
          <Option virtualFolder="CMake Files\" />
      </Unit>
   </Project>
</CodeBlocks_project_file>
